
Microsoft Visual Studio Solution File, Format Version 12.00
# Visual Studio Version 17
VisualStudioVersion = 17.3.32825.248
MinimumVisualStudioVersion = 10.0.40219.1
Project("{FAE04EC0-301F-11D3-BF4B-00C04F79EFBC}") = "Test", "Test.csproj", "{995DF901-D88A-4B09-B408-0DF2CF9F52DB}"
EndProject
Global
	GlobalSection(SolutionConfigurationPlatforms) = preSolution
		Debug|Any CPU = Debug|Any CPU
		Release|Any CPU = Release|Any CPU
	EndGlobalSection
	GlobalSection(ProjectConfigurationPlatforms) = postSolution
		{995DF901-D88A-4B09-B408-0DF2CF9F52DB}.Debug|Any CPU.ActiveCfg = Debug|Any CPU
		{995DF901-D88A-4B09-B408-0DF2CF9F52DB}.Debug|Any CPU.Build.0 = Debug|Any CPU
		{995DF901-D88A-4B09-B408-0DF2CF9F52DB}.Release|Any CPU.ActiveCfg = Release|Any CPU
		{995DF901-D88A-4B09-B408-0DF2CF9F52DB}.Release|Any CPU.Build.0 = Release|Any CPU
	EndGlobalSection
	GlobalSection(SolutionProperties) = preSolution
		HideSolutionNode = FALSE
	EndGlobalSection
	GlobalSection(ExtensibilityGlobals) = postSolution
		SolutionGuid = {DFA37C83-06FD-4CDC-AE1F-9E312C4DB0F6}
	EndGlobalSection
EndGlobal
